
Microsoft Visual Studio Solution File, Format Version 11.00
# Visual Studio 2010
Project("{FAE04EC0-301F-11D3-BF4B-00C04F79EFBC}") = "switch使用", "ConsoleApplication3\switch使用.csproj", "{4F496D58-2364-4B2D-901F-0C65E79E4664}"
EndProject
Global
	GlobalSection(SolutionConfigurationPlatforms) = preSolution
		Debug|x86 = Debug|x86
		Release|x86 = Release|x86
	EndGlobalSection
	GlobalSection(ProjectConfigurationPlatforms) = postSolution
		{4F496D58-2364-4B2D-901F-0C65E79E4664}.Debug|x86.ActiveCfg = Debug|x86
		{4F496D58-2364-4B2D-901F-0C65E79E4664}.Debug|x86.Build.0 = Debug|x86
		{4F496D58-2364-4B2D-901F-0C65E79E4664}.Release|x86.ActiveCfg = Release|x86
		{4F496D58-2364-4B2D-901F-0C65E79E4664}.Release|x86.Build.0 = Release|x86
	EndGlobalSection
	GlobalSection(SolutionProperties) = preSolution
		HideSolutionNode = FALSE
	EndGlobalSection
EndGlobal
