
Microsoft Visual Studio Solution File, Format Version 12.00
# Visual Studio Version 16
VisualStudioVersion = 16.0.31105.61
MinimumVisualStudioVersion = 10.0.40219.1
Project("{FAE04EC0-301F-11D3-BF4B-00C04F79EFBC}") = "Directory类", "Directory类\Directory类.csproj", "{C9A89005-19A7-4800-8742-A705ECC6B73C}"
EndProject
Project("{FAE04EC0-301F-11D3-BF4B-00C04F79EFBC}") = "FileStream文件流", "FileStream文件流\FileStream文件流.csproj", "{FC04BF65-7D25-44B7-B061-F70DE0324942}"
EndProject
Project("{FAE04EC0-301F-11D3-BF4B-00C04F79EFBC}") = "FileStream文件流练习-复制多媒体文件", "FileStream文件流练习-复制多媒体文件\FileStream文件流练习-复制多媒体文件.csproj", "{563E9C35-B38F-423A-AFB5-3FAFDAAB4057}"
EndProject
Project("{FAE04EC0-301F-11D3-BF4B-00C04F79EFBC}") = "File类", "File类\File类.csproj", "{13E2E161-D59F-488E-BB9E-F872EAD947CF}"
EndProject
Project("{FAE04EC0-301F-11D3-BF4B-00C04F79EFBC}") = "List泛型集合", "List泛型集合\List泛型集合.csproj", "{F1C44831-8D39-4D26-82BE-D449DC02C1C7}"
EndProject
Project("{FAE04EC0-301F-11D3-BF4B-00C04F79EFBC}") = "Path类", "Path类\Path类.csproj", "{B5ED5E9F-ED5B-4ADB-BBDD-42E863EB57B0}"
EndProject
Project("{FAE04EC0-301F-11D3-BF4B-00C04F79EFBC}") = "StreamReader和StreamWriter", "StreamReader和StreamWriter\StreamReader和StreamWriter.csproj", "{A8EEB46E-9445-4CAC-9939-B87EECAEDA82}"
EndProject
Project("{FAE04EC0-301F-11D3-BF4B-00C04F79EFBC}") = "多态-抽象类", "多态\多态-抽象类\多态-抽象类.csproj", "{EA2926DE-0912-4E41-B5B7-0EAFF1A0B088}"
EndProject
Project("{FAE04EC0-301F-11D3-BF4B-00C04F79EFBC}") = "多态-抽象类-练习", "多态\多态-抽象类-练习\多态-抽象类-练习.csproj", "{CAAEEA32-D042-4D8B-B10A-E51ECD7BD83E}"
EndProject
Project("{FAE04EC0-301F-11D3-BF4B-00C04F79EFBC}") = "多态-接口", "多态\多态-接口\多态-接口.csproj", "{E0104B4E-EB08-455E-970E-28928A0D6D28}"
EndProject
Project("{FAE04EC0-301F-11D3-BF4B-00C04F79EFBC}") = "多态-接口特点", "多态\多态-接口特点\多态-接口特点.csproj", "{1B25E5AE-1542-466F-A1F8-DCAD1E9AFBB4}"
EndProject
Project("{FAE04EC0-301F-11D3-BF4B-00C04F79EFBC}") = "多态-虚方法", "多态\多态-虚方法\多态-虚方法.csproj", "{2368B914-7945-43E8-86A1-645D85AC9E31}"
EndProject
Project("{FAE04EC0-301F-11D3-BF4B-00C04F79EFBC}") = "多态-总结", "多态\多态-总结\多态-总结.csproj", "{BDFF970B-EEB0-48DD-B3A3-DCC36D96FA5C}"
EndProject
Project("{FAE04EC0-301F-11D3-BF4B-00C04F79EFBC}") = "函数参数-值参", "函数参数\函数参数-值参.csproj", "{D5664FF9-0A00-456E-B2A3-1D2181428F04}"
EndProject
Project("{FAE04EC0-301F-11D3-BF4B-00C04F79EFBC}") = "函数参数-输出参数", "函数参数-输出参数\函数参数-输出参数.csproj", "{3D530B1A-8E00-4717-A590-262EE7F17D7A}"
EndProject
Project("{FAE04EC0-301F-11D3-BF4B-00C04F79EFBC}") = "函数参数-引用参数", "函数参数-引用参数\函数参数-引用参数.csproj", "{523C4109-AAB0-47DA-8443-872B8D39A815}"
EndProject
Project("{FAE04EC0-301F-11D3-BF4B-00C04F79EFBC}") = "集合ArrayList", "集合ArrayList\集合ArrayList.csproj", "{4EE3DF54-14F2-4FB2-8285-3BA3EBC7D9A0}"
EndProject
Project("{FAE04EC0-301F-11D3-BF4B-00C04F79EFBC}") = "集合ArrayList练习", "集合ArrayList练习\集合ArrayList练习.csproj", "{4C4C2370-04B8-4C8E-9BF3-4359E1979F48}"
EndProject
Project("{FAE04EC0-301F-11D3-BF4B-00C04F79EFBC}") = "继承", "继承\继承.csproj", "{1690F5A7-0C0E-4B02-A1AC-2492B80AD4EA}"
EndProject
Project("{FAE04EC0-301F-11D3-BF4B-00C04F79EFBC}") = "键值对集合Hashtable", "键值对Hashtable\键值对集合Hashtable.csproj", "{2541896C-446D-4259-9F07-084515D629B8}"
EndProject
Project("{FAE04EC0-301F-11D3-BF4B-00C04F79EFBC}") = "键值对集合Hashtable练习", "键值对集合Hashtable\键值对集合Hashtable练习.csproj", "{FB45BB4F-9762-489F-8D73-98D4DA88E2C1}"
EndProject
Project("{FAE04EC0-301F-11D3-BF4B-00C04F79EFBC}") = "扩展方法", "扩展方法\扩展方法.csproj", "{11E6E875-EB65-4D36-8825-387C68598DE3}"
EndProject
Project("{FAE04EC0-301F-11D3-BF4B-00C04F79EFBC}") = "类的类型-部分类", "类的类型\部分类\类的类型-部分类.csproj", "{75DD42C2-10D1-43B3-8965-9BC0DDDB509F}"
EndProject
Project("{FAE04EC0-301F-11D3-BF4B-00C04F79EFBC}") = "类的类型-密封类", "类的类型\密封类\类的类型-密封类.csproj", "{D84A6D79-96DE-4DB0-AF20-241CB3F74ACF}"
EndProject
Project("{FAE04EC0-301F-11D3-BF4B-00C04F79EFBC}") = "里氏转换", "里氏转换\里氏转换.csproj", "{889A6546-C2D3-4645-BC46-4419EFB3D3D8}"
EndProject
Project("{FAE04EC0-301F-11D3-BF4B-00C04F79EFBC}") = "命名空间", "命名空间\命名空间.csproj", "{0DE3C15E-DE18-443E-BD47-915ABA3336D0}"
EndProject
Project("{FAE04EC0-301F-11D3-BF4B-00C04F79EFBC}") = "序列化和反序列化", "序列化和反序列化\序列化和反序列化.csproj", "{FE294155-9F88-4B05-8DFD-14CBC7D9615D}"
EndProject
Project("{FAE04EC0-301F-11D3-BF4B-00C04F79EFBC}") = "字典Dictionary", "字典Dictionary\字典Dictionary.csproj", "{654ECEA1-58C3-4911-9973-867DA9A892C8}"
EndProject
Project("{FAE04EC0-301F-11D3-BF4B-00C04F79EFBC}") = "字典Dictionary练习", "字典Dictionary练习\字典Dictionary练习.csproj", "{FD20B6BB-410D-41FA-8286-BE3A21234D7D}"
EndProject
Project("{FAE04EC0-301F-11D3-BF4B-00C04F79EFBC}") = "字符串方法1", "字符串方法\字符串方法1\字符串方法1.csproj", "{6F38862D-9309-43C0-83FC-2452DC19697B}"
EndProject
Project("{FAE04EC0-301F-11D3-BF4B-00C04F79EFBC}") = "字符串方法2-句子单词倒序输出", "字符串方法\字符串方法2-句子单词倒序输出\字符串方法2-句子单词倒序输出.csproj", "{5897E72D-B9F3-4676-8B9D-FB7D0598045C}"
EndProject
Project("{FAE04EC0-301F-11D3-BF4B-00C04F79EFBC}") = "字符串方法3-练习", "字符串方法\字符串方法3-练习\字符串方法3-练习.csproj", "{F28E5B28-2318-48FF-A267-9284ACB429BB}"
EndProject
Project("{FAE04EC0-301F-11D3-BF4B-00C04F79EFBC}") = "字符串方法4-字符串中字母出现次数", "字符串方法\字符串方法4-字符串中字母出现次数\字符串方法4-字符串中字母出现次数.csproj", "{C13634D7-8278-4FF0-817B-597C5CBDC69A}"
EndProject
Project("{FAE04EC0-301F-11D3-BF4B-00C04F79EFBC}") = "字符串方法5-句中每个单词字母反序", "字符串方法\字符串方法5-句中每个单词字母反序\字符串方法5-句中每个单词字母反序.csproj", "{BF02FB8E-D3D6-49F0-B6D2-355625016F33}"
EndProject
Project("{FAE04EC0-301F-11D3-BF4B-00C04F79EFBC}") = "字符串方法6-取邮箱用户名和域名", "字符串方法\字符串方法6-取邮箱用户名和域名\字符串方法6-取邮箱用户名和域名.csproj", "{C30F2A33-67B2-4DFD-8086-7067228C2035}"
EndProject
Project("{FAE04EC0-301F-11D3-BF4B-00C04F79EFBC}") = "MD5加密", "MD5加密\MD5加密.csproj", "{36B4D038-CC2F-412F-B470-017FD361AB1E}"
EndProject
Project("{FAE04EC0-301F-11D3-BF4B-00C04F79EFBC}") = "超市收银系统", "超市收银系统\超市收银系统.csproj", "{8DC6762E-D651-4BC6-84F0-CDF54C9C702D}"
EndProject
Project("{FAE04EC0-301F-11D3-BF4B-00C04F79EFBC}") = "001-简单工厂和抽象类-模拟cmd打开文件", "面向对象练习\001-简单工厂和抽象类-模拟cmd打开文件\001-简单工厂和抽象类-模拟cmd打开文件.csproj", "{07D221E2-6D4A-4FBF-8CA3-92203E04267F}"
EndProject
Project("{FAE04EC0-301F-11D3-BF4B-00C04F79EFBC}") = "002-简单工厂和抽象类-计算器", "面向对象练习\002-简单工厂和抽象类-计算器\002-简单工厂和抽象类-计算器.csproj", "{AA84C525-6500-4104-A8AD-78014C71CA18}"
EndProject
Project("{FAE04EC0-301F-11D3-BF4B-00C04F79EFBC}") = "003-抽象类-U盘移动硬盘", "面向对象练习\003-抽象类-U盘移动硬盘\003-抽象类-U盘移动硬盘.csproj", "{FD3EF022-D9FA-4172-9617-2DD8B5D6A89A}"
EndProject
Project("{FAE04EC0-301F-11D3-BF4B-00C04F79EFBC}") = "004-Winform-音乐播放器", "面向对象练习\004-Winform-音乐播放器\004-Winform-音乐播放器.csproj", "{256287E8-8351-4281-9462-1D04E4458A41}"
EndProject
Project("{2150E333-8FDC-42A3-9474-1A3956D46DE8}") = "面向对象练习", "面向对象练习", "{235FC22A-3766-4E97-9EA8-3BD2717477B7}"
EndProject
Project("{2150E333-8FDC-42A3-9474-1A3956D46DE8}") = "字符串操作练习", "字符串操作练习", "{7083D02E-19B1-4D82-854D-8D26BB85E37C}"
EndProject
Project("{2150E333-8FDC-42A3-9474-1A3956D46DE8}") = "多态", "多态", "{F4179625-3B20-43E8-B583-E302C7F4801C}"
EndProject
Project("{FAE04EC0-301F-11D3-BF4B-00C04F79EFBC}") = "基础复习题-自运算", "C#基础练习\基础复习题i+=2\基础复习题-自运算.csproj", "{48B8A9C6-DF56-4E0C-BCD1-E047456A0859}"
EndProject
Project("{FAE04EC0-301F-11D3-BF4B-00C04F79EFBC}") = "基础复习题-params", "C#基础练习\基础复习题params\基础复习题-params.csproj", "{80B50974-884B-459F-83B2-C21B20F40464}"
EndProject
Project("{FAE04EC0-301F-11D3-BF4B-00C04F79EFBC}") = "基础复习题-生成指定数目的不同的随机数", "C#基础练习\基础复习题-生成指定数目的不同的随机数\基础复习题-生成指定数目的不同的随机数.csproj", "{9A601F98-63E1-4C69-86A7-D26DD9F7F414}"
EndProject
Project("{FAE04EC0-301F-11D3-BF4B-00C04F79EFBC}") = "基础复习题-最大值最小值平均数", "C#基础练习\基础复习题-最大值最小值平均数\基础复习题-最大值最小值平均数.csproj", "{FD1FA5E8-BDF7-42DE-8A6E-9A6441A09CE2}"
EndProject
Project("{FAE04EC0-301F-11D3-BF4B-00C04F79EFBC}") = "基础练习题-StringBuilder拼接网页标签", "C#基础练习\基础练习题-StringBuilder拼接网页标签\基础练习题-StringBuilder拼接网页标签.csproj", "{D365F329-DAD1-4F1A-9B10-C6ADA02AA4D8}"
EndProject
Project("{FAE04EC0-301F-11D3-BF4B-00C04F79EFBC}") = "基础练习题-不使用第三方变量经行变量交换", "C#基础练习\基础练习题-不使用第三方变量经行变量交换\基础练习题-不使用第三方变量经行变量交换.csproj", "{9A5F3AC2-256D-42F9-9DCE-F7E33A01E0A3}"
EndProject
Project("{2150E333-8FDC-42A3-9474-1A3956D46DE8}") = "CSharp基础练习", "CSharp基础练习", "{0BF5981B-85A1-4302-8AE1-B9187E1450C7}"
EndProject
Project("{FAE04EC0-301F-11D3-BF4B-00C04F79EFBC}") = "基础练习题-集合-合并集合排除重复", "C#基础练习\基础练习题-集合-合并集合排除重复\基础练习题-集合-合并集合排除重复.csproj", "{E0E1D645-B3A5-47EA-9BA3-E01578BB3913}"
EndProject
Project("{FAE04EC0-301F-11D3-BF4B-00C04F79EFBC}") = "基础练习题-集合-奇偶分拣", "C#基础练习\基础练习题-集合-奇偶分拣\基础练习题-集合-奇偶分拣.csproj", "{F055ADBC-37E8-4D57-91F7-B301B369CACF}"
EndProject
Project("{FAE04EC0-301F-11D3-BF4B-00C04F79EFBC}") = "基础练习题-键值对-阿拉伯数字替换", "C#基础练习\基础练习题-键值对-阿拉伯数字替换\基础练习题-键值对-阿拉伯数字替换.csproj", "{9DF76500-F3B7-4483-B141-C4A417DD7B72}"
EndProject
Project("{FAE04EC0-301F-11D3-BF4B-00C04F79EFBC}") = "基础练习题-键值对-每个字符出现的次数", "C#基础练习\基础练习题-键值对-每个字符出现的次数\基础练习题-键值对-每个字符出现的次数.csproj", "{6E6FFE80-D926-4858-8FD3-306014391E0F}"
EndProject
Project("{FAE04EC0-301F-11D3-BF4B-00C04F79EFBC}") = "基础练习题-冒泡排序", "C#基础练习\基础练习题-冒泡排序\基础练习题-冒泡排序.csproj", "{1FBEAA17-55A4-479D-9208-4F063C223B62}"
EndProject
Project("{FAE04EC0-301F-11D3-BF4B-00C04F79EFBC}") = "基础练习题-小数点输出后两位", "C#基础练习\基础练习题-小数点输出后两位\基础练习题-小数点输出后两位.csproj", "{7DF131F3-72FA-4736-8786-CF690223F772}"
EndProject
Project("{FAE04EC0-301F-11D3-BF4B-00C04F79EFBC}") = "基础练习题-质数判断", "C#基础练习\基础练习题-质数判断\基础练习题-质数判断.csproj", "{311F2E81-0BC8-4D38-8592-C2530071CD12}"
EndProject
Project("{FAE04EC0-301F-11D3-BF4B-00C04F79EFBC}") = "基础练习题-质数求和", "C#基础练习\基础练习题-质数求和\基础练习题-质数求和.csproj", "{98FC15ED-8A1F-4A72-8B97-7EAD5D870C92}"
EndProject
Project("{FAE04EC0-301F-11D3-BF4B-00C04F79EFBC}") = "基础练习题-字符串中字符出现的次数及位置", "C#基础练习\基础练习题-字符串中字符出现的次数及位置\基础练习题-字符串中字符出现的次数及位置.csproj", "{EFA8A8FD-8557-4E16-B155-C7FEF0D93FD5}"
EndProject
Project("{FAE04EC0-301F-11D3-BF4B-00C04F79EFBC}") = "基础训练题-四则运算计算器", "C#基础练习\基础训练题-四则运算计算器\基础训练题-四则运算计算器.csproj", "{4B6F0B27-2762-4AC0-8CEB-3CABBF5022AF}"
EndProject
Project("{FAE04EC0-301F-11D3-BF4B-00C04F79EFBC}") = "知识点补充-StringBuilder", "C#基础练习\知识点补充-StringBuilder\知识点补充-StringBuilder.csproj", "{8F566448-00D2-4524-8798-D264659B976F}"
EndProject
Project("{FAE04EC0-301F-11D3-BF4B-00C04F79EFBC}") = "知识点补充-对象初始化器", "C#基础练习\知识点补充-对象初始化器\知识点补充-对象初始化器.csproj", "{0F274910-97DA-4CB4-A4B5-7453D90945C2}"
EndProject
Project("{FAE04EC0-301F-11D3-BF4B-00C04F79EFBC}") = "01程序集的引用", "反射\01程序集的引用\01程序集的引用.csproj", "{312A7CB9-2382-4A7A-ADE6-B14AF3D4193C}"
EndProject
Project("{FAE04EC0-301F-11D3-BF4B-00C04F79EFBC}") = "02反射常用的函数", "反射\02反射常用的函数\02反射常用的函数.csproj", "{C32AAD42-1B3F-4646-B56F-8EDE7BA2E375}"
EndProject
Project("{FAE04EC0-301F-11D3-BF4B-00C04F79EFBC}") = "03新建类库-生成程序集dll文件", "反射\03新建类库-生成程序集dll文件\03新建类库-生成程序集dll文件.csproj", "{067CF17F-B41B-43E2-9C03-4A602F1C3360}"
EndProject
Project("{FAE04EC0-301F-11D3-BF4B-00C04F79EFBC}") = "ProAdd", "反射\04计算器\ProAdd\ProAdd.csproj", "{F1D83D9E-4A8F-4C48-8B98-A49ABCF5160A}"
EndProject
Project("{FAE04EC0-301F-11D3-BF4B-00C04F79EFBC}") = "ProCalculator", "反射\04计算器\ProCalculator\ProCalculator.csproj", "{A8B9C825-32EA-4C58-B619-7488DB25E3A4}"
EndProject
Project("{FAE04EC0-301F-11D3-BF4B-00C04F79EFBC}") = "ProDiv", "反射\04计算器\ProDiv\ProDiv.csproj", "{6912F0E3-8394-415D-B356-6B11348DC051}"
EndProject
Project("{FAE04EC0-301F-11D3-BF4B-00C04F79EFBC}") = "ProFactory", "反射\04计算器\ProFactory\ProFactory.csproj", "{1E113820-B41D-4B3C-82B3-89BE20D31688}"
EndProject
Project("{FAE04EC0-301F-11D3-BF4B-00C04F79EFBC}") = "ProMul", "反射\04计算器\ProMul\ProMul.csproj", "{F6678154-E6D7-4523-A0EE-9319EB6F9B85}"
EndProject
Project("{FAE04EC0-301F-11D3-BF4B-00C04F79EFBC}") = "ProOperation", "反射\04计算器\ProOperation\ProOperation.csproj", "{E4CDACB5-D4B2-463E-A2EC-34809869F0D4}"
EndProject
Project("{FAE04EC0-301F-11D3-BF4B-00C04F79EFBC}") = "ProSub", "反射\04计算器\ProSub\ProSub.csproj", "{6FDC909F-40FF-4A99-AC83-6D7B5D1FCA62}"
EndProject
Project("{2150E333-8FDC-42A3-9474-1A3956D46DE8}") = "04计算器", "04计算器", "{EC3F8A84-A188-4E01-8E16-2A569FD51BA1}"
EndProject
Project("{2150E333-8FDC-42A3-9474-1A3956D46DE8}") = "反射", "反射", "{D1497853-150B-4683-BE41-855CF164F7C1}"
EndProject
Project("{FAE04EC0-301F-11D3-BF4B-00C04F79EFBC}") = "新建类1", "新建类\新建类1\新建类1.csproj", "{A4338768-9EE2-4D66-95AC-66CCD8682BC2}"
EndProject
Project("{FAE04EC0-301F-11D3-BF4B-00C04F79EFBC}") = "新建类2", "新建类\新建类2\新建类2.csproj", "{EFD19229-4B43-4F05-9468-C5171BFE7773}"
EndProject
Project("{FAE04EC0-301F-11D3-BF4B-00C04F79EFBC}") = "新建类3", "新建类\新建类3\新建类3.csproj", "{AE0E082E-909A-4DE3-A699-714502565E11}"
EndProject
Project("{FAE04EC0-301F-11D3-BF4B-00C04F79EFBC}") = "新建类4", "新建类\新建类4\新建类4.csproj", "{B9CB5FD5-0015-437D-BF23-557D2BA7BA1A}"
EndProject
Project("{2150E333-8FDC-42A3-9474-1A3956D46DE8}") = "新建类", "新建类", "{2428F458-C5BD-4439-A2D1-5391298552ED}"
EndProject
Project("{FAE04EC0-301F-11D3-BF4B-00C04F79EFBC}") = "05反射应用-反射获取对象属性", "反射\05反射应用-反射获取对象属性\05反射应用-反射获取对象属性.csproj", "{32DC394C-01B4-4D7A-92BF-E98CEE9D92CF}"
EndProject
Project("{FAE04EC0-301F-11D3-BF4B-00C04F79EFBC}") = "06反射应用-反射获取对象属性-实现遍历对象属性", "反射\06反射应用-反射获取对象属性-实现遍历对象属性\06反射应用-反射获取对象属性-实现遍历对象属性.csproj", "{5DEA2E48-81FF-4278-8A29-5D88D18C7812}"
EndProject
Global
	GlobalSection(SolutionConfigurationPlatforms) = preSolution
		Debug|Any CPU = Debug|Any CPU
		Debug|x86 = Debug|x86
		Release|Any CPU = Release|Any CPU
		Release|x86 = Release|x86
	EndGlobalSection
	GlobalSection(ProjectConfigurationPlatforms) = postSolution
		{C9A89005-19A7-4800-8742-A705ECC6B73C}.Debug|Any CPU.ActiveCfg = Debug|x86
		{C9A89005-19A7-4800-8742-A705ECC6B73C}.Debug|x86.ActiveCfg = Debug|x86
		{C9A89005-19A7-4800-8742-A705ECC6B73C}.Debug|x86.Build.0 = Debug|x86
		{C9A89005-19A7-4800-8742-A705ECC6B73C}.Release|Any CPU.ActiveCfg = Release|x86
		{C9A89005-19A7-4800-8742-A705ECC6B73C}.Release|x86.ActiveCfg = Release|x86
		{C9A89005-19A7-4800-8742-A705ECC6B73C}.Release|x86.Build.0 = Release|x86
		{FC04BF65-7D25-44B7-B061-F70DE0324942}.Debug|Any CPU.ActiveCfg = Debug|x86
		{FC04BF65-7D25-44B7-B061-F70DE0324942}.Debug|x86.ActiveCfg = Debug|x86
		{FC04BF65-7D25-44B7-B061-F70DE0324942}.Debug|x86.Build.0 = Debug|x86
		{FC04BF65-7D25-44B7-B061-F70DE0324942}.Release|Any CPU.ActiveCfg = Release|x86
		{FC04BF65-7D25-44B7-B061-F70DE0324942}.Release|x86.ActiveCfg = Release|x86
		{FC04BF65-7D25-44B7-B061-F70DE0324942}.Release|x86.Build.0 = Release|x86
		{563E9C35-B38F-423A-AFB5-3FAFDAAB4057}.Debug|Any CPU.ActiveCfg = Debug|x86
		{563E9C35-B38F-423A-AFB5-3FAFDAAB4057}.Debug|x86.ActiveCfg = Debug|x86
		{563E9C35-B38F-423A-AFB5-3FAFDAAB4057}.Debug|x86.Build.0 = Debug|x86
		{563E9C35-B38F-423A-AFB5-3FAFDAAB4057}.Release|Any CPU.ActiveCfg = Release|x86
		{563E9C35-B38F-423A-AFB5-3FAFDAAB4057}.Release|x86.ActiveCfg = Release|x86
		{563E9C35-B38F-423A-AFB5-3FAFDAAB4057}.Release|x86.Build.0 = Release|x86
		{13E2E161-D59F-488E-BB9E-F872EAD947CF}.Debug|Any CPU.ActiveCfg = Debug|x86
		{13E2E161-D59F-488E-BB9E-F872EAD947CF}.Debug|x86.ActiveCfg = Debug|x86
		{13E2E161-D59F-488E-BB9E-F872EAD947CF}.Debug|x86.Build.0 = Debug|x86
		{13E2E161-D59F-488E-BB9E-F872EAD947CF}.Release|Any CPU.ActiveCfg = Release|x86
		{13E2E161-D59F-488E-BB9E-F872EAD947CF}.Release|x86.ActiveCfg = Release|x86
		{13E2E161-D59F-488E-BB9E-F872EAD947CF}.Release|x86.Build.0 = Release|x86
		{F1C44831-8D39-4D26-82BE-D449DC02C1C7}.Debug|Any CPU.ActiveCfg = Debug|x86
		{F1C44831-8D39-4D26-82BE-D449DC02C1C7}.Debug|x86.ActiveCfg = Debug|x86
		{F1C44831-8D39-4D26-82BE-D449DC02C1C7}.Debug|x86.Build.0 = Debug|x86
		{F1C44831-8D39-4D26-82BE-D449DC02C1C7}.Release|Any CPU.ActiveCfg = Release|x86
		{F1C44831-8D39-4D26-82BE-D449DC02C1C7}.Release|x86.ActiveCfg = Release|x86
		{F1C44831-8D39-4D26-82BE-D449DC02C1C7}.Release|x86.Build.0 = Release|x86
		{B5ED5E9F-ED5B-4ADB-BBDD-42E863EB57B0}.Debug|Any CPU.ActiveCfg = Debug|x86
		{B5ED5E9F-ED5B-4ADB-BBDD-42E863EB57B0}.Debug|x86.ActiveCfg = Debug|x86
		{B5ED5E9F-ED5B-4ADB-BBDD-42E863EB57B0}.Debug|x86.Build.0 = Debug|x86
		{B5ED5E9F-ED5B-4ADB-BBDD-42E863EB57B0}.Release|Any CPU.ActiveCfg = Release|x86
		{B5ED5E9F-ED5B-4ADB-BBDD-42E863EB57B0}.Release|x86.ActiveCfg = Release|x86
		{B5ED5E9F-ED5B-4ADB-BBDD-42E863EB57B0}.Release|x86.Build.0 = Release|x86
		{A8EEB46E-9445-4CAC-9939-B87EECAEDA82}.Debug|Any CPU.ActiveCfg = Debug|x86
		{A8EEB46E-9445-4CAC-9939-B87EECAEDA82}.Debug|x86.ActiveCfg = Debug|x86
		{A8EEB46E-9445-4CAC-9939-B87EECAEDA82}.Debug|x86.Build.0 = Debug|x86
		{A8EEB46E-9445-4CAC-9939-B87EECAEDA82}.Release|Any CPU.ActiveCfg = Release|x86
		{A8EEB46E-9445-4CAC-9939-B87EECAEDA82}.Release|x86.ActiveCfg = Release|x86
		{A8EEB46E-9445-4CAC-9939-B87EECAEDA82}.Release|x86.Build.0 = Release|x86
		{EA2926DE-0912-4E41-B5B7-0EAFF1A0B088}.Debug|Any CPU.ActiveCfg = Debug|x86
		{EA2926DE-0912-4E41-B5B7-0EAFF1A0B088}.Debug|x86.ActiveCfg = Debug|x86
		{EA2926DE-0912-4E41-B5B7-0EAFF1A0B088}.Debug|x86.Build.0 = Debug|x86
		{EA2926DE-0912-4E41-B5B7-0EAFF1A0B088}.Release|Any CPU.ActiveCfg = Release|x86
		{EA2926DE-0912-4E41-B5B7-0EAFF1A0B088}.Release|x86.ActiveCfg = Release|x86
		{EA2926DE-0912-4E41-B5B7-0EAFF1A0B088}.Release|x86.Build.0 = Release|x86
		{CAAEEA32-D042-4D8B-B10A-E51ECD7BD83E}.Debug|Any CPU.ActiveCfg = Debug|x86
		{CAAEEA32-D042-4D8B-B10A-E51ECD7BD83E}.Debug|x86.ActiveCfg = Debug|x86
		{CAAEEA32-D042-4D8B-B10A-E51ECD7BD83E}.Debug|x86.Build.0 = Debug|x86
		{CAAEEA32-D042-4D8B-B10A-E51ECD7BD83E}.Release|Any CPU.ActiveCfg = Release|x86
		{CAAEEA32-D042-4D8B-B10A-E51ECD7BD83E}.Release|x86.ActiveCfg = Release|x86
		{CAAEEA32-D042-4D8B-B10A-E51ECD7BD83E}.Release|x86.Build.0 = Release|x86
		{E0104B4E-EB08-455E-970E-28928A0D6D28}.Debug|Any CPU.ActiveCfg = Debug|x86
		{E0104B4E-EB08-455E-970E-28928A0D6D28}.Debug|x86.ActiveCfg = Debug|x86
		{E0104B4E-EB08-455E-970E-28928A0D6D28}.Debug|x86.Build.0 = Debug|x86
		{E0104B4E-EB08-455E-970E-28928A0D6D28}.Release|Any CPU.ActiveCfg = Release|x86
		{E0104B4E-EB08-455E-970E-28928A0D6D28}.Release|x86.ActiveCfg = Release|x86
		{E0104B4E-EB08-455E-970E-28928A0D6D28}.Release|x86.Build.0 = Release|x86
		{1B25E5AE-1542-466F-A1F8-DCAD1E9AFBB4}.Debug|Any CPU.ActiveCfg = Debug|x86
		{1B25E5AE-1542-466F-A1F8-DCAD1E9AFBB4}.Debug|x86.ActiveCfg = Debug|x86
		{1B25E5AE-1542-466F-A1F8-DCAD1E9AFBB4}.Debug|x86.Build.0 = Debug|x86
		{1B25E5AE-1542-466F-A1F8-DCAD1E9AFBB4}.Release|Any CPU.ActiveCfg = Release|x86
		{1B25E5AE-1542-466F-A1F8-DCAD1E9AFBB4}.Release|x86.ActiveCfg = Release|x86
		{1B25E5AE-1542-466F-A1F8-DCAD1E9AFBB4}.Release|x86.Build.0 = Release|x86
		{2368B914-7945-43E8-86A1-645D85AC9E31}.Debug|Any CPU.ActiveCfg = Debug|x86
		{2368B914-7945-43E8-86A1-645D85AC9E31}.Debug|x86.ActiveCfg = Debug|x86
		{2368B914-7945-43E8-86A1-645D85AC9E31}.Debug|x86.Build.0 = Debug|x86
		{2368B914-7945-43E8-86A1-645D85AC9E31}.Release|Any CPU.ActiveCfg = Release|x86
		{2368B914-7945-43E8-86A1-645D85AC9E31}.Release|x86.ActiveCfg = Release|x86
		{2368B914-7945-43E8-86A1-645D85AC9E31}.Release|x86.Build.0 = Release|x86
		{BDFF970B-EEB0-48DD-B3A3-DCC36D96FA5C}.Debug|Any CPU.ActiveCfg = Debug|x86
		{BDFF970B-EEB0-48DD-B3A3-DCC36D96FA5C}.Debug|x86.ActiveCfg = Debug|x86
		{BDFF970B-EEB0-48DD-B3A3-DCC36D96FA5C}.Debug|x86.Build.0 = Debug|x86
		{BDFF970B-EEB0-48DD-B3A3-DCC36D96FA5C}.Release|Any CPU.ActiveCfg = Release|x86
		{BDFF970B-EEB0-48DD-B3A3-DCC36D96FA5C}.Release|x86.ActiveCfg = Release|x86
		{BDFF970B-EEB0-48DD-B3A3-DCC36D96FA5C}.Release|x86.Build.0 = Release|x86
		{D5664FF9-0A00-456E-B2A3-1D2181428F04}.Debug|Any CPU.ActiveCfg = Debug|Any CPU
		{D5664FF9-0A00-456E-B2A3-1D2181428F04}.Debug|Any CPU.Build.0 = Debug|Any CPU
		{D5664FF9-0A00-456E-B2A3-1D2181428F04}.Debug|x86.ActiveCfg = Debug|Any CPU
		{D5664FF9-0A00-456E-B2A3-1D2181428F04}.Debug|x86.Build.0 = Debug|Any CPU
		{D5664FF9-0A00-456E-B2A3-1D2181428F04}.Release|Any CPU.ActiveCfg = Release|Any CPU
		{D5664FF9-0A00-456E-B2A3-1D2181428F04}.Release|Any CPU.Build.0 = Release|Any CPU
		{D5664FF9-0A00-456E-B2A3-1D2181428F04}.Release|x86.ActiveCfg = Release|Any CPU
		{D5664FF9-0A00-456E-B2A3-1D2181428F04}.Release|x86.Build.0 = Release|Any CPU
		{3D530B1A-8E00-4717-A590-262EE7F17D7A}.Debug|Any CPU.ActiveCfg = Debug|Any CPU
		{3D530B1A-8E00-4717-A590-262EE7F17D7A}.Debug|Any CPU.Build.0 = Debug|Any CPU
		{3D530B1A-8E00-4717-A590-262EE7F17D7A}.Debug|x86.ActiveCfg = Debug|Any CPU
		{3D530B1A-8E00-4717-A590-262EE7F17D7A}.Debug|x86.Build.0 = Debug|Any CPU
		{3D530B1A-8E00-4717-A590-262EE7F17D7A}.Release|Any CPU.ActiveCfg = Release|Any CPU
		{3D530B1A-8E00-4717-A590-262EE7F17D7A}.Release|Any CPU.Build.0 = Release|Any CPU
		{3D530B1A-8E00-4717-A590-262EE7F17D7A}.Release|x86.ActiveCfg = Release|Any CPU
		{3D530B1A-8E00-4717-A590-262EE7F17D7A}.Release|x86.Build.0 = Release|Any CPU
		{523C4109-AAB0-47DA-8443-872B8D39A815}.Debug|Any CPU.ActiveCfg = Debug|Any CPU
		{523C4109-AAB0-47DA-8443-872B8D39A815}.Debug|Any CPU.Build.0 = Debug|Any CPU
		{523C4109-AAB0-47DA-8443-872B8D39A815}.Debug|x86.ActiveCfg = Debug|Any CPU
		{523C4109-AAB0-47DA-8443-872B8D39A815}.Debug|x86.Build.0 = Debug|Any CPU
		{523C4109-AAB0-47DA-8443-872B8D39A815}.Release|Any CPU.ActiveCfg = Release|Any CPU
		{523C4109-AAB0-47DA-8443-872B8D39A815}.Release|Any CPU.Build.0 = Release|Any CPU
		{523C4109-AAB0-47DA-8443-872B8D39A815}.Release|x86.ActiveCfg = Release|Any CPU
		{523C4109-AAB0-47DA-8443-872B8D39A815}.Release|x86.Build.0 = Release|Any CPU
		{4EE3DF54-14F2-4FB2-8285-3BA3EBC7D9A0}.Debug|Any CPU.ActiveCfg = Debug|x86
		{4EE3DF54-14F2-4FB2-8285-3BA3EBC7D9A0}.Debug|x86.ActiveCfg = Debug|x86
		{4EE3DF54-14F2-4FB2-8285-3BA3EBC7D9A0}.Debug|x86.Build.0 = Debug|x86
		{4EE3DF54-14F2-4FB2-8285-3BA3EBC7D9A0}.Release|Any CPU.ActiveCfg = Release|x86
		{4EE3DF54-14F2-4FB2-8285-3BA3EBC7D9A0}.Release|x86.ActiveCfg = Release|x86
		{4EE3DF54-14F2-4FB2-8285-3BA3EBC7D9A0}.Release|x86.Build.0 = Release|x86
		{4C4C2370-04B8-4C8E-9BF3-4359E1979F48}.Debug|Any CPU.ActiveCfg = Debug|x86
		{4C4C2370-04B8-4C8E-9BF3-4359E1979F48}.Debug|x86.ActiveCfg = Debug|x86
		{4C4C2370-04B8-4C8E-9BF3-4359E1979F48}.Debug|x86.Build.0 = Debug|x86
		{4C4C2370-04B8-4C8E-9BF3-4359E1979F48}.Release|Any CPU.ActiveCfg = Release|x86
		{4C4C2370-04B8-4C8E-9BF3-4359E1979F48}.Release|x86.ActiveCfg = Release|x86
		{4C4C2370-04B8-4C8E-9BF3-4359E1979F48}.Release|x86.Build.0 = Release|x86
		{1690F5A7-0C0E-4B02-A1AC-2492B80AD4EA}.Debug|Any CPU.ActiveCfg = Debug|x86
		{1690F5A7-0C0E-4B02-A1AC-2492B80AD4EA}.Debug|x86.ActiveCfg = Debug|x86
		{1690F5A7-0C0E-4B02-A1AC-2492B80AD4EA}.Debug|x86.Build.0 = Debug|x86
		{1690F5A7-0C0E-4B02-A1AC-2492B80AD4EA}.Release|Any CPU.ActiveCfg = Release|x86
		{1690F5A7-0C0E-4B02-A1AC-2492B80AD4EA}.Release|x86.ActiveCfg = Release|x86
		{1690F5A7-0C0E-4B02-A1AC-2492B80AD4EA}.Release|x86.Build.0 = Release|x86
		{2541896C-446D-4259-9F07-084515D629B8}.Debug|Any CPU.ActiveCfg = Debug|x86
		{2541896C-446D-4259-9F07-084515D629B8}.Debug|x86.ActiveCfg = Debug|x86
		{2541896C-446D-4259-9F07-084515D629B8}.Debug|x86.Build.0 = Debug|x86
		{2541896C-446D-4259-9F07-084515D629B8}.Release|Any CPU.ActiveCfg = Release|x86
		{2541896C-446D-4259-9F07-084515D629B8}.Release|x86.ActiveCfg = Release|x86
		{2541896C-446D-4259-9F07-084515D629B8}.Release|x86.Build.0 = Release|x86
		{FB45BB4F-9762-489F-8D73-98D4DA88E2C1}.Debug|Any CPU.ActiveCfg = Debug|x86
		{FB45BB4F-9762-489F-8D73-98D4DA88E2C1}.Debug|x86.ActiveCfg = Debug|x86
		{FB45BB4F-9762-489F-8D73-98D4DA88E2C1}.Debug|x86.Build.0 = Debug|x86
		{FB45BB4F-9762-489F-8D73-98D4DA88E2C1}.Release|Any CPU.ActiveCfg = Release|x86
		{FB45BB4F-9762-489F-8D73-98D4DA88E2C1}.Release|x86.ActiveCfg = Release|x86
		{FB45BB4F-9762-489F-8D73-98D4DA88E2C1}.Release|x86.Build.0 = Release|x86
		{11E6E875-EB65-4D36-8825-387C68598DE3}.Debug|Any CPU.ActiveCfg = Debug|Any CPU
		{11E6E875-EB65-4D36-8825-387C68598DE3}.Debug|Any CPU.Build.0 = Debug|Any CPU
		{11E6E875-EB65-4D36-8825-387C68598DE3}.Debug|x86.ActiveCfg = Debug|Any CPU
		{11E6E875-EB65-4D36-8825-387C68598DE3}.Debug|x86.Build.0 = Debug|Any CPU
		{11E6E875-EB65-4D36-8825-387C68598DE3}.Release|Any CPU.ActiveCfg = Release|Any CPU
		{11E6E875-EB65-4D36-8825-387C68598DE3}.Release|Any CPU.Build.0 = Release|Any CPU
		{11E6E875-EB65-4D36-8825-387C68598DE3}.Release|x86.ActiveCfg = Release|Any CPU
		{11E6E875-EB65-4D36-8825-387C68598DE3}.Release|x86.Build.0 = Release|Any CPU
		{75DD42C2-10D1-43B3-8965-9BC0DDDB509F}.Debug|Any CPU.ActiveCfg = Debug|x86
		{75DD42C2-10D1-43B3-8965-9BC0DDDB509F}.Debug|x86.ActiveCfg = Debug|x86
		{75DD42C2-10D1-43B3-8965-9BC0DDDB509F}.Debug|x86.Build.0 = Debug|x86
		{75DD42C2-10D1-43B3-8965-9BC0DDDB509F}.Release|Any CPU.ActiveCfg = Release|x86
		{75DD42C2-10D1-43B3-8965-9BC0DDDB509F}.Release|x86.ActiveCfg = Release|x86
		{75DD42C2-10D1-43B3-8965-9BC0DDDB509F}.Release|x86.Build.0 = Release|x86
		{D84A6D79-96DE-4DB0-AF20-241CB3F74ACF}.Debug|Any CPU.ActiveCfg = Debug|x86
		{D84A6D79-96DE-4DB0-AF20-241CB3F74ACF}.Debug|x86.ActiveCfg = Debug|x86
		{D84A6D79-96DE-4DB0-AF20-241CB3F74ACF}.Debug|x86.Build.0 = Debug|x86
		{D84A6D79-96DE-4DB0-AF20-241CB3F74ACF}.Release|Any CPU.ActiveCfg = Release|x86
		{D84A6D79-96DE-4DB0-AF20-241CB3F74ACF}.Release|x86.ActiveCfg = Release|x86
		{D84A6D79-96DE-4DB0-AF20-241CB3F74ACF}.Release|x86.Build.0 = Release|x86
		{889A6546-C2D3-4645-BC46-4419EFB3D3D8}.Debug|Any CPU.ActiveCfg = Debug|x86
		{889A6546-C2D3-4645-BC46-4419EFB3D3D8}.Debug|x86.ActiveCfg = Debug|x86
		{889A6546-C2D3-4645-BC46-4419EFB3D3D8}.Debug|x86.Build.0 = Debug|x86
		{889A6546-C2D3-4645-BC46-4419EFB3D3D8}.Release|Any CPU.ActiveCfg = Release|x86
		{889A6546-C2D3-4645-BC46-4419EFB3D3D8}.Release|x86.ActiveCfg = Release|x86
		{889A6546-C2D3-4645-BC46-4419EFB3D3D8}.Release|x86.Build.0 = Release|x86
		{0DE3C15E-DE18-443E-BD47-915ABA3336D0}.Debug|Any CPU.ActiveCfg = Debug|x86
		{0DE3C15E-DE18-443E-BD47-915ABA3336D0}.Debug|x86.ActiveCfg = Debug|x86
		{0DE3C15E-DE18-443E-BD47-915ABA3336D0}.Debug|x86.Build.0 = Debug|x86
		{0DE3C15E-DE18-443E-BD47-915ABA3336D0}.Release|Any CPU.ActiveCfg = Release|x86
		{0DE3C15E-DE18-443E-BD47-915ABA3336D0}.Release|x86.ActiveCfg = Release|x86
		{0DE3C15E-DE18-443E-BD47-915ABA3336D0}.Release|x86.Build.0 = Release|x86
		{FE294155-9F88-4B05-8DFD-14CBC7D9615D}.Debug|Any CPU.ActiveCfg = Debug|x86
		{FE294155-9F88-4B05-8DFD-14CBC7D9615D}.Debug|x86.ActiveCfg = Debug|x86
		{FE294155-9F88-4B05-8DFD-14CBC7D9615D}.Debug|x86.Build.0 = Debug|x86
		{FE294155-9F88-4B05-8DFD-14CBC7D9615D}.Release|Any CPU.ActiveCfg = Release|x86
		{FE294155-9F88-4B05-8DFD-14CBC7D9615D}.Release|x86.ActiveCfg = Release|x86
		{FE294155-9F88-4B05-8DFD-14CBC7D9615D}.Release|x86.Build.0 = Release|x86
		{654ECEA1-58C3-4911-9973-867DA9A892C8}.Debug|Any CPU.ActiveCfg = Debug|x86
		{654ECEA1-58C3-4911-9973-867DA9A892C8}.Debug|x86.ActiveCfg = Debug|x86
		{654ECEA1-58C3-4911-9973-867DA9A892C8}.Debug|x86.Build.0 = Debug|x86
		{654ECEA1-58C3-4911-9973-867DA9A892C8}.Release|Any CPU.ActiveCfg = Release|x86
		{654ECEA1-58C3-4911-9973-867DA9A892C8}.Release|x86.ActiveCfg = Release|x86
		{654ECEA1-58C3-4911-9973-867DA9A892C8}.Release|x86.Build.0 = Release|x86
		{FD20B6BB-410D-41FA-8286-BE3A21234D7D}.Debug|Any CPU.ActiveCfg = Debug|x86
		{FD20B6BB-410D-41FA-8286-BE3A21234D7D}.Debug|x86.ActiveCfg = Debug|x86
		{FD20B6BB-410D-41FA-8286-BE3A21234D7D}.Debug|x86.Build.0 = Debug|x86
		{FD20B6BB-410D-41FA-8286-BE3A21234D7D}.Release|Any CPU.ActiveCfg = Release|x86
		{FD20B6BB-410D-41FA-8286-BE3A21234D7D}.Release|x86.ActiveCfg = Release|x86
		{FD20B6BB-410D-41FA-8286-BE3A21234D7D}.Release|x86.Build.0 = Release|x86
		{6F38862D-9309-43C0-83FC-2452DC19697B}.Debug|Any CPU.ActiveCfg = Debug|x86
		{6F38862D-9309-43C0-83FC-2452DC19697B}.Debug|x86.ActiveCfg = Debug|x86
		{6F38862D-9309-43C0-83FC-2452DC19697B}.Debug|x86.Build.0 = Debug|x86
		{6F38862D-9309-43C0-83FC-2452DC19697B}.Release|Any CPU.ActiveCfg = Release|x86
		{6F38862D-9309-43C0-83FC-2452DC19697B}.Release|x86.ActiveCfg = Release|x86
		{6F38862D-9309-43C0-83FC-2452DC19697B}.Release|x86.Build.0 = Release|x86
		{5897E72D-B9F3-4676-8B9D-FB7D0598045C}.Debug|Any CPU.ActiveCfg = Debug|x86
		{5897E72D-B9F3-4676-8B9D-FB7D0598045C}.Debug|x86.ActiveCfg = Debug|x86
		{5897E72D-B9F3-4676-8B9D-FB7D0598045C}.Debug|x86.Build.0 = Debug|x86
		{5897E72D-B9F3-4676-8B9D-FB7D0598045C}.Release|Any CPU.ActiveCfg = Release|x86
		{5897E72D-B9F3-4676-8B9D-FB7D0598045C}.Release|x86.ActiveCfg = Release|x86
		{5897E72D-B9F3-4676-8B9D-FB7D0598045C}.Release|x86.Build.0 = Release|x86
		{F28E5B28-2318-48FF-A267-9284ACB429BB}.Debug|Any CPU.ActiveCfg = Debug|x86
		{F28E5B28-2318-48FF-A267-9284ACB429BB}.Debug|x86.ActiveCfg = Debug|x86
		{F28E5B28-2318-48FF-A267-9284ACB429BB}.Debug|x86.Build.0 = Debug|x86
		{F28E5B28-2318-48FF-A267-9284ACB429BB}.Release|Any CPU.ActiveCfg = Release|x86
		{F28E5B28-2318-48FF-A267-9284ACB429BB}.Release|x86.ActiveCfg = Release|x86
		{F28E5B28-2318-48FF-A267-9284ACB429BB}.Release|x86.Build.0 = Release|x86
		{C13634D7-8278-4FF0-817B-597C5CBDC69A}.Debug|Any CPU.ActiveCfg = Debug|x86
		{C13634D7-8278-4FF0-817B-597C5CBDC69A}.Debug|x86.ActiveCfg = Debug|x86
		{C13634D7-8278-4FF0-817B-597C5CBDC69A}.Debug|x86.Build.0 = Debug|x86
		{C13634D7-8278-4FF0-817B-597C5CBDC69A}.Release|Any CPU.ActiveCfg = Release|x86
		{C13634D7-8278-4FF0-817B-597C5CBDC69A}.Release|x86.ActiveCfg = Release|x86
		{C13634D7-8278-4FF0-817B-597C5CBDC69A}.Release|x86.Build.0 = Release|x86
		{BF02FB8E-D3D6-49F0-B6D2-355625016F33}.Debug|Any CPU.ActiveCfg = Debug|x86
		{BF02FB8E-D3D6-49F0-B6D2-355625016F33}.Debug|x86.ActiveCfg = Debug|x86
		{BF02FB8E-D3D6-49F0-B6D2-355625016F33}.Debug|x86.Build.0 = Debug|x86
		{BF02FB8E-D3D6-49F0-B6D2-355625016F33}.Release|Any CPU.ActiveCfg = Release|x86
		{BF02FB8E-D3D6-49F0-B6D2-355625016F33}.Release|x86.ActiveCfg = Release|x86
		{BF02FB8E-D3D6-49F0-B6D2-355625016F33}.Release|x86.Build.0 = Release|x86
		{C30F2A33-67B2-4DFD-8086-7067228C2035}.Debug|Any CPU.ActiveCfg = Debug|x86
		{C30F2A33-67B2-4DFD-8086-7067228C2035}.Debug|x86.ActiveCfg = Debug|x86
		{C30F2A33-67B2-4DFD-8086-7067228C2035}.Debug|x86.Build.0 = Debug|x86
		{C30F2A33-67B2-4DFD-8086-7067228C2035}.Release|Any CPU.ActiveCfg = Release|x86
		{C30F2A33-67B2-4DFD-8086-7067228C2035}.Release|x86.ActiveCfg = Release|x86
		{C30F2A33-67B2-4DFD-8086-7067228C2035}.Release|x86.Build.0 = Release|x86
		{36B4D038-CC2F-412F-B470-017FD361AB1E}.Debug|Any CPU.ActiveCfg = Debug|x86
		{36B4D038-CC2F-412F-B470-017FD361AB1E}.Debug|Any CPU.Build.0 = Debug|x86
		{36B4D038-CC2F-412F-B470-017FD361AB1E}.Debug|x86.ActiveCfg = Debug|x86
		{36B4D038-CC2F-412F-B470-017FD361AB1E}.Debug|x86.Build.0 = Debug|x86
		{36B4D038-CC2F-412F-B470-017FD361AB1E}.Release|Any CPU.ActiveCfg = Release|x86
		{36B4D038-CC2F-412F-B470-017FD361AB1E}.Release|x86.ActiveCfg = Release|x86
		{36B4D038-CC2F-412F-B470-017FD361AB1E}.Release|x86.Build.0 = Release|x86
		{8DC6762E-D651-4BC6-84F0-CDF54C9C702D}.Debug|Any CPU.ActiveCfg = Debug|x86
		{8DC6762E-D651-4BC6-84F0-CDF54C9C702D}.Debug|x86.ActiveCfg = Debug|x86
		{8DC6762E-D651-4BC6-84F0-CDF54C9C702D}.Debug|x86.Build.0 = Debug|x86
		{8DC6762E-D651-4BC6-84F0-CDF54C9C702D}.Release|Any CPU.ActiveCfg = Release|x86
		{8DC6762E-D651-4BC6-84F0-CDF54C9C702D}.Release|x86.ActiveCfg = Release|x86
		{8DC6762E-D651-4BC6-84F0-CDF54C9C702D}.Release|x86.Build.0 = Release|x86
		{07D221E2-6D4A-4FBF-8CA3-92203E04267F}.Debug|Any CPU.ActiveCfg = Debug|x86
		{07D221E2-6D4A-4FBF-8CA3-92203E04267F}.Debug|x86.ActiveCfg = Debug|x86
		{07D221E2-6D4A-4FBF-8CA3-92203E04267F}.Debug|x86.Build.0 = Debug|x86
		{07D221E2-6D4A-4FBF-8CA3-92203E04267F}.Release|Any CPU.ActiveCfg = Release|x86
		{07D221E2-6D4A-4FBF-8CA3-92203E04267F}.Release|x86.ActiveCfg = Release|x86
		{07D221E2-6D4A-4FBF-8CA3-92203E04267F}.Release|x86.Build.0 = Release|x86
		{AA84C525-6500-4104-A8AD-78014C71CA18}.Debug|Any CPU.ActiveCfg = Debug|x86
		{AA84C525-6500-4104-A8AD-78014C71CA18}.Debug|x86.ActiveCfg = Debug|x86
		{AA84C525-6500-4104-A8AD-78014C71CA18}.Debug|x86.Build.0 = Debug|x86
		{AA84C525-6500-4104-A8AD-78014C71CA18}.Release|Any CPU.ActiveCfg = Release|x86
		{AA84C525-6500-4104-A8AD-78014C71CA18}.Release|x86.ActiveCfg = Release|x86
		{AA84C525-6500-4104-A8AD-78014C71CA18}.Release|x86.Build.0 = Release|x86
		{FD3EF022-D9FA-4172-9617-2DD8B5D6A89A}.Debug|Any CPU.ActiveCfg = Debug|x86
		{FD3EF022-D9FA-4172-9617-2DD8B5D6A89A}.Debug|x86.ActiveCfg = Debug|x86
		{FD3EF022-D9FA-4172-9617-2DD8B5D6A89A}.Debug|x86.Build.0 = Debug|x86
		{FD3EF022-D9FA-4172-9617-2DD8B5D6A89A}.Release|Any CPU.ActiveCfg = Release|x86
		{FD3EF022-D9FA-4172-9617-2DD8B5D6A89A}.Release|x86.ActiveCfg = Release|x86
		{FD3EF022-D9FA-4172-9617-2DD8B5D6A89A}.Release|x86.Build.0 = Release|x86
		{256287E8-8351-4281-9462-1D04E4458A41}.Debug|Any CPU.ActiveCfg = Debug|x86
		{256287E8-8351-4281-9462-1D04E4458A41}.Debug|x86.ActiveCfg = Debug|x86
		{256287E8-8351-4281-9462-1D04E4458A41}.Debug|x86.Build.0 = Debug|x86
		{256287E8-8351-4281-9462-1D04E4458A41}.Release|Any CPU.ActiveCfg = Release|x86
		{256287E8-8351-4281-9462-1D04E4458A41}.Release|x86.ActiveCfg = Release|x86
		{256287E8-8351-4281-9462-1D04E4458A41}.Release|x86.Build.0 = Release|x86
		{48B8A9C6-DF56-4E0C-BCD1-E047456A0859}.Debug|Any CPU.ActiveCfg = Debug|x86
		{48B8A9C6-DF56-4E0C-BCD1-E047456A0859}.Debug|x86.ActiveCfg = Debug|x86
		{48B8A9C6-DF56-4E0C-BCD1-E047456A0859}.Debug|x86.Build.0 = Debug|x86
		{48B8A9C6-DF56-4E0C-BCD1-E047456A0859}.Release|Any CPU.ActiveCfg = Release|x86
		{48B8A9C6-DF56-4E0C-BCD1-E047456A0859}.Release|x86.ActiveCfg = Release|x86
		{48B8A9C6-DF56-4E0C-BCD1-E047456A0859}.Release|x86.Build.0 = Release|x86
		{80B50974-884B-459F-83B2-C21B20F40464}.Debug|Any CPU.ActiveCfg = Debug|x86
		{80B50974-884B-459F-83B2-C21B20F40464}.Debug|x86.ActiveCfg = Debug|x86
		{80B50974-884B-459F-83B2-C21B20F40464}.Debug|x86.Build.0 = Debug|x86
		{80B50974-884B-459F-83B2-C21B20F40464}.Release|Any CPU.ActiveCfg = Release|x86
		{80B50974-884B-459F-83B2-C21B20F40464}.Release|x86.ActiveCfg = Release|x86
		{80B50974-884B-459F-83B2-C21B20F40464}.Release|x86.Build.0 = Release|x86
		{9A601F98-63E1-4C69-86A7-D26DD9F7F414}.Debug|Any CPU.ActiveCfg = Debug|Any CPU
		{9A601F98-63E1-4C69-86A7-D26DD9F7F414}.Debug|Any CPU.Build.0 = Debug|Any CPU
		{9A601F98-63E1-4C69-86A7-D26DD9F7F414}.Debug|x86.ActiveCfg = Debug|Any CPU
		{9A601F98-63E1-4C69-86A7-D26DD9F7F414}.Debug|x86.Build.0 = Debug|Any CPU
		{9A601F98-63E1-4C69-86A7-D26DD9F7F414}.Release|Any CPU.ActiveCfg = Release|Any CPU
		{9A601F98-63E1-4C69-86A7-D26DD9F7F414}.Release|Any CPU.Build.0 = Release|Any CPU
		{9A601F98-63E1-4C69-86A7-D26DD9F7F414}.Release|x86.ActiveCfg = Release|Any CPU
		{9A601F98-63E1-4C69-86A7-D26DD9F7F414}.Release|x86.Build.0 = Release|Any CPU
		{FD1FA5E8-BDF7-42DE-8A6E-9A6441A09CE2}.Debug|Any CPU.ActiveCfg = Debug|x86
		{FD1FA5E8-BDF7-42DE-8A6E-9A6441A09CE2}.Debug|x86.ActiveCfg = Debug|x86
		{FD1FA5E8-BDF7-42DE-8A6E-9A6441A09CE2}.Debug|x86.Build.0 = Debug|x86
		{FD1FA5E8-BDF7-42DE-8A6E-9A6441A09CE2}.Release|Any CPU.ActiveCfg = Release|x86
		{FD1FA5E8-BDF7-42DE-8A6E-9A6441A09CE2}.Release|x86.ActiveCfg = Release|x86
		{FD1FA5E8-BDF7-42DE-8A6E-9A6441A09CE2}.Release|x86.Build.0 = Release|x86
		{D365F329-DAD1-4F1A-9B10-C6ADA02AA4D8}.Debug|Any CPU.ActiveCfg = Debug|x86
		{D365F329-DAD1-4F1A-9B10-C6ADA02AA4D8}.Debug|x86.ActiveCfg = Debug|x86
		{D365F329-DAD1-4F1A-9B10-C6ADA02AA4D8}.Debug|x86.Build.0 = Debug|x86
		{D365F329-DAD1-4F1A-9B10-C6ADA02AA4D8}.Release|Any CPU.ActiveCfg = Release|x86
		{D365F329-DAD1-4F1A-9B10-C6ADA02AA4D8}.Release|x86.ActiveCfg = Release|x86
		{D365F329-DAD1-4F1A-9B10-C6ADA02AA4D8}.Release|x86.Build.0 = Release|x86
		{9A5F3AC2-256D-42F9-9DCE-F7E33A01E0A3}.Debug|Any CPU.ActiveCfg = Debug|x86
		{9A5F3AC2-256D-42F9-9DCE-F7E33A01E0A3}.Debug|x86.ActiveCfg = Debug|x86
		{9A5F3AC2-256D-42F9-9DCE-F7E33A01E0A3}.Debug|x86.Build.0 = Debug|x86
		{9A5F3AC2-256D-42F9-9DCE-F7E33A01E0A3}.Release|Any CPU.ActiveCfg = Release|x86
		{9A5F3AC2-256D-42F9-9DCE-F7E33A01E0A3}.Release|x86.ActiveCfg = Release|x86
		{9A5F3AC2-256D-42F9-9DCE-F7E33A01E0A3}.Release|x86.Build.0 = Release|x86
		{E0E1D645-B3A5-47EA-9BA3-E01578BB3913}.Debug|Any CPU.ActiveCfg = Debug|x86
		{E0E1D645-B3A5-47EA-9BA3-E01578BB3913}.Debug|x86.ActiveCfg = Debug|x86
		{E0E1D645-B3A5-47EA-9BA3-E01578BB3913}.Debug|x86.Build.0 = Debug|x86
		{E0E1D645-B3A5-47EA-9BA3-E01578BB3913}.Release|Any CPU.ActiveCfg = Release|x86
		{E0E1D645-B3A5-47EA-9BA3-E01578BB3913}.Release|x86.ActiveCfg = Release|x86
		{E0E1D645-B3A5-47EA-9BA3-E01578BB3913}.Release|x86.Build.0 = Release|x86
		{F055ADBC-37E8-4D57-91F7-B301B369CACF}.Debug|Any CPU.ActiveCfg = Debug|x86
		{F055ADBC-37E8-4D57-91F7-B301B369CACF}.Debug|x86.ActiveCfg = Debug|x86
		{F055ADBC-37E8-4D57-91F7-B301B369CACF}.Debug|x86.Build.0 = Debug|x86
		{F055ADBC-37E8-4D57-91F7-B301B369CACF}.Release|Any CPU.ActiveCfg = Release|x86
		{F055ADBC-37E8-4D57-91F7-B301B369CACF}.Release|x86.ActiveCfg = Release|x86
		{F055ADBC-37E8-4D57-91F7-B301B369CACF}.Release|x86.Build.0 = Release|x86
		{9DF76500-F3B7-4483-B141-C4A417DD7B72}.Debug|Any CPU.ActiveCfg = Debug|x86
		{9DF76500-F3B7-4483-B141-C4A417DD7B72}.Debug|x86.ActiveCfg = Debug|x86
		{9DF76500-F3B7-4483-B141-C4A417DD7B72}.Debug|x86.Build.0 = Debug|x86
		{9DF76500-F3B7-4483-B141-C4A417DD7B72}.Release|Any CPU.ActiveCfg = Release|x86
		{9DF76500-F3B7-4483-B141-C4A417DD7B72}.Release|x86.ActiveCfg = Release|x86
		{9DF76500-F3B7-4483-B141-C4A417DD7B72}.Release|x86.Build.0 = Release|x86
		{6E6FFE80-D926-4858-8FD3-306014391E0F}.Debug|Any CPU.ActiveCfg = Debug|x86
		{6E6FFE80-D926-4858-8FD3-306014391E0F}.Debug|x86.ActiveCfg = Debug|x86
		{6E6FFE80-D926-4858-8FD3-306014391E0F}.Debug|x86.Build.0 = Debug|x86
		{6E6FFE80-D926-4858-8FD3-306014391E0F}.Release|Any CPU.ActiveCfg = Release|x86
		{6E6FFE80-D926-4858-8FD3-306014391E0F}.Release|x86.ActiveCfg = Release|x86
		{6E6FFE80-D926-4858-8FD3-306014391E0F}.Release|x86.Build.0 = Release|x86
		{1FBEAA17-55A4-479D-9208-4F063C223B62}.Debug|Any CPU.ActiveCfg = Debug|x86
		{1FBEAA17-55A4-479D-9208-4F063C223B62}.Debug|x86.ActiveCfg = Debug|x86
		{1FBEAA17-55A4-479D-9208-4F063C223B62}.Debug|x86.Build.0 = Debug|x86
		{1FBEAA17-55A4-479D-9208-4F063C223B62}.Release|Any CPU.ActiveCfg = Release|x86
		{1FBEAA17-55A4-479D-9208-4F063C223B62}.Release|x86.ActiveCfg = Release|x86
		{1FBEAA17-55A4-479D-9208-4F063C223B62}.Release|x86.Build.0 = Release|x86
		{7DF131F3-72FA-4736-8786-CF690223F772}.Debug|Any CPU.ActiveCfg = Debug|x86
		{7DF131F3-72FA-4736-8786-CF690223F772}.Debug|x86.ActiveCfg = Debug|x86
		{7DF131F3-72FA-4736-8786-CF690223F772}.Debug|x86.Build.0 = Debug|x86
		{7DF131F3-72FA-4736-8786-CF690223F772}.Release|Any CPU.ActiveCfg = Release|x86
		{7DF131F3-72FA-4736-8786-CF690223F772}.Release|x86.ActiveCfg = Release|x86
		{7DF131F3-72FA-4736-8786-CF690223F772}.Release|x86.Build.0 = Release|x86
		{311F2E81-0BC8-4D38-8592-C2530071CD12}.Debug|Any CPU.ActiveCfg = Debug|x86
		{311F2E81-0BC8-4D38-8592-C2530071CD12}.Debug|x86.ActiveCfg = Debug|x86
		{311F2E81-0BC8-4D38-8592-C2530071CD12}.Debug|x86.Build.0 = Debug|x86
		{311F2E81-0BC8-4D38-8592-C2530071CD12}.Release|Any CPU.ActiveCfg = Release|x86
		{311F2E81-0BC8-4D38-8592-C2530071CD12}.Release|x86.ActiveCfg = Release|x86
		{311F2E81-0BC8-4D38-8592-C2530071CD12}.Release|x86.Build.0 = Release|x86
		{98FC15ED-8A1F-4A72-8B97-7EAD5D870C92}.Debug|Any CPU.ActiveCfg = Debug|x86
		{98FC15ED-8A1F-4A72-8B97-7EAD5D870C92}.Debug|x86.ActiveCfg = Debug|x86
		{98FC15ED-8A1F-4A72-8B97-7EAD5D870C92}.Debug|x86.Build.0 = Debug|x86
		{98FC15ED-8A1F-4A72-8B97-7EAD5D870C92}.Release|Any CPU.ActiveCfg = Release|x86
		{98FC15ED-8A1F-4A72-8B97-7EAD5D870C92}.Release|x86.ActiveCfg = Release|x86
		{98FC15ED-8A1F-4A72-8B97-7EAD5D870C92}.Release|x86.Build.0 = Release|x86
		{EFA8A8FD-8557-4E16-B155-C7FEF0D93FD5}.Debug|Any CPU.ActiveCfg = Debug|x86
		{EFA8A8FD-8557-4E16-B155-C7FEF0D93FD5}.Debug|x86.ActiveCfg = Debug|x86
		{EFA8A8FD-8557-4E16-B155-C7FEF0D93FD5}.Debug|x86.Build.0 = Debug|x86
		{EFA8A8FD-8557-4E16-B155-C7FEF0D93FD5}.Release|Any CPU.ActiveCfg = Release|x86
		{EFA8A8FD-8557-4E16-B155-C7FEF0D93FD5}.Release|x86.ActiveCfg = Release|x86
		{EFA8A8FD-8557-4E16-B155-C7FEF0D93FD5}.Release|x86.Build.0 = Release|x86
		{4B6F0B27-2762-4AC0-8CEB-3CABBF5022AF}.Debug|Any CPU.ActiveCfg = Debug|x86
		{4B6F0B27-2762-4AC0-8CEB-3CABBF5022AF}.Debug|x86.ActiveCfg = Debug|x86
		{4B6F0B27-2762-4AC0-8CEB-3CABBF5022AF}.Debug|x86.Build.0 = Debug|x86
		{4B6F0B27-2762-4AC0-8CEB-3CABBF5022AF}.Release|Any CPU.ActiveCfg = Release|x86
		{4B6F0B27-2762-4AC0-8CEB-3CABBF5022AF}.Release|x86.ActiveCfg = Release|x86
		{4B6F0B27-2762-4AC0-8CEB-3CABBF5022AF}.Release|x86.Build.0 = Release|x86
		{8F566448-00D2-4524-8798-D264659B976F}.Debug|Any CPU.ActiveCfg = Debug|x86
		{8F566448-00D2-4524-8798-D264659B976F}.Debug|x86.ActiveCfg = Debug|x86
		{8F566448-00D2-4524-8798-D264659B976F}.Debug|x86.Build.0 = Debug|x86
		{8F566448-00D2-4524-8798-D264659B976F}.Release|Any CPU.ActiveCfg = Release|x86
		{8F566448-00D2-4524-8798-D264659B976F}.Release|x86.ActiveCfg = Release|x86
		{8F566448-00D2-4524-8798-D264659B976F}.Release|x86.Build.0 = Release|x86
		{0F274910-97DA-4CB4-A4B5-7453D90945C2}.Debug|Any CPU.ActiveCfg = Debug|x86
		{0F274910-97DA-4CB4-A4B5-7453D90945C2}.Debug|x86.ActiveCfg = Debug|x86
		{0F274910-97DA-4CB4-A4B5-7453D90945C2}.Debug|x86.Build.0 = Debug|x86
		{0F274910-97DA-4CB4-A4B5-7453D90945C2}.Release|Any CPU.ActiveCfg = Release|x86
		{0F274910-97DA-4CB4-A4B5-7453D90945C2}.Release|x86.ActiveCfg = Release|x86
		{0F274910-97DA-4CB4-A4B5-7453D90945C2}.Release|x86.Build.0 = Release|x86
		{312A7CB9-2382-4A7A-ADE6-B14AF3D4193C}.Debug|Any CPU.ActiveCfg = Debug|x86
		{312A7CB9-2382-4A7A-ADE6-B14AF3D4193C}.Debug|x86.ActiveCfg = Debug|x86
		{312A7CB9-2382-4A7A-ADE6-B14AF3D4193C}.Debug|x86.Build.0 = Debug|x86
		{312A7CB9-2382-4A7A-ADE6-B14AF3D4193C}.Release|Any CPU.ActiveCfg = Release|x86
		{312A7CB9-2382-4A7A-ADE6-B14AF3D4193C}.Release|x86.ActiveCfg = Release|x86
		{312A7CB9-2382-4A7A-ADE6-B14AF3D4193C}.Release|x86.Build.0 = Release|x86
		{C32AAD42-1B3F-4646-B56F-8EDE7BA2E375}.Debug|Any CPU.ActiveCfg = Debug|x86
		{C32AAD42-1B3F-4646-B56F-8EDE7BA2E375}.Debug|x86.ActiveCfg = Debug|x86
		{C32AAD42-1B3F-4646-B56F-8EDE7BA2E375}.Debug|x86.Build.0 = Debug|x86
		{C32AAD42-1B3F-4646-B56F-8EDE7BA2E375}.Release|Any CPU.ActiveCfg = Release|x86
		{C32AAD42-1B3F-4646-B56F-8EDE7BA2E375}.Release|x86.ActiveCfg = Release|x86
		{C32AAD42-1B3F-4646-B56F-8EDE7BA2E375}.Release|x86.Build.0 = Release|x86
		{067CF17F-B41B-43E2-9C03-4A602F1C3360}.Debug|Any CPU.ActiveCfg = Debug|Any CPU
		{067CF17F-B41B-43E2-9C03-4A602F1C3360}.Debug|Any CPU.Build.0 = Debug|Any CPU
		{067CF17F-B41B-43E2-9C03-4A602F1C3360}.Debug|x86.ActiveCfg = Debug|Any CPU
		{067CF17F-B41B-43E2-9C03-4A602F1C3360}.Debug|x86.Build.0 = Debug|Any CPU
		{067CF17F-B41B-43E2-9C03-4A602F1C3360}.Release|Any CPU.ActiveCfg = Release|Any CPU
		{067CF17F-B41B-43E2-9C03-4A602F1C3360}.Release|Any CPU.Build.0 = Release|Any CPU
		{067CF17F-B41B-43E2-9C03-4A602F1C3360}.Release|x86.ActiveCfg = Release|Any CPU
		{067CF17F-B41B-43E2-9C03-4A602F1C3360}.Release|x86.Build.0 = Release|Any CPU
		{F1D83D9E-4A8F-4C48-8B98-A49ABCF5160A}.Debug|Any CPU.ActiveCfg = Debug|Any CPU
		{F1D83D9E-4A8F-4C48-8B98-A49ABCF5160A}.Debug|Any CPU.Build.0 = Debug|Any CPU
		{F1D83D9E-4A8F-4C48-8B98-A49ABCF5160A}.Debug|x86.ActiveCfg = Debug|Any CPU
		{F1D83D9E-4A8F-4C48-8B98-A49ABCF5160A}.Debug|x86.Build.0 = Debug|Any CPU
		{F1D83D9E-4A8F-4C48-8B98-A49ABCF5160A}.Release|Any CPU.ActiveCfg = Release|Any CPU
		{F1D83D9E-4A8F-4C48-8B98-A49ABCF5160A}.Release|Any CPU.Build.0 = Release|Any CPU
		{F1D83D9E-4A8F-4C48-8B98-A49ABCF5160A}.Release|x86.ActiveCfg = Release|Any CPU
		{F1D83D9E-4A8F-4C48-8B98-A49ABCF5160A}.Release|x86.Build.0 = Release|Any CPU
		{A8B9C825-32EA-4C58-B619-7488DB25E3A4}.Debug|Any CPU.ActiveCfg = Debug|x86
		{A8B9C825-32EA-4C58-B619-7488DB25E3A4}.Debug|x86.ActiveCfg = Debug|x86
		{A8B9C825-32EA-4C58-B619-7488DB25E3A4}.Debug|x86.Build.0 = Debug|x86
		{A8B9C825-32EA-4C58-B619-7488DB25E3A4}.Release|Any CPU.ActiveCfg = Release|x86
		{A8B9C825-32EA-4C58-B619-7488DB25E3A4}.Release|x86.ActiveCfg = Release|x86
		{A8B9C825-32EA-4C58-B619-7488DB25E3A4}.Release|x86.Build.0 = Release|x86
		{6912F0E3-8394-415D-B356-6B11348DC051}.Debug|Any CPU.ActiveCfg = Debug|Any CPU
		{6912F0E3-8394-415D-B356-6B11348DC051}.Debug|Any CPU.Build.0 = Debug|Any CPU
		{6912F0E3-8394-415D-B356-6B11348DC051}.Debug|x86.ActiveCfg = Debug|Any CPU
		{6912F0E3-8394-415D-B356-6B11348DC051}.Debug|x86.Build.0 = Debug|Any CPU
		{6912F0E3-8394-415D-B356-6B11348DC051}.Release|Any CPU.ActiveCfg = Release|Any CPU
		{6912F0E3-8394-415D-B356-6B11348DC051}.Release|Any CPU.Build.0 = Release|Any CPU
		{6912F0E3-8394-415D-B356-6B11348DC051}.Release|x86.ActiveCfg = Release|Any CPU
		{6912F0E3-8394-415D-B356-6B11348DC051}.Release|x86.Build.0 = Release|Any CPU
		{1E113820-B41D-4B3C-82B3-89BE20D31688}.Debug|Any CPU.ActiveCfg = Debug|Any CPU
		{1E113820-B41D-4B3C-82B3-89BE20D31688}.Debug|Any CPU.Build.0 = Debug|Any CPU
		{1E113820-B41D-4B3C-82B3-89BE20D31688}.Debug|x86.ActiveCfg = Debug|Any CPU
		{1E113820-B41D-4B3C-82B3-89BE20D31688}.Debug|x86.Build.0 = Debug|Any CPU
		{1E113820-B41D-4B3C-82B3-89BE20D31688}.Release|Any CPU.ActiveCfg = Release|Any CPU
		{1E113820-B41D-4B3C-82B3-89BE20D31688}.Release|Any CPU.Build.0 = Release|Any CPU
		{1E113820-B41D-4B3C-82B3-89BE20D31688}.Release|x86.ActiveCfg = Release|Any CPU
		{1E113820-B41D-4B3C-82B3-89BE20D31688}.Release|x86.Build.0 = Release|Any CPU
		{F6678154-E6D7-4523-A0EE-9319EB6F9B85}.Debug|Any CPU.ActiveCfg = Debug|Any CPU
		{F6678154-E6D7-4523-A0EE-9319EB6F9B85}.Debug|Any CPU.Build.0 = Debug|Any CPU
		{F6678154-E6D7-4523-A0EE-9319EB6F9B85}.Debug|x86.ActiveCfg = Debug|Any CPU
		{F6678154-E6D7-4523-A0EE-9319EB6F9B85}.Debug|x86.Build.0 = Debug|Any CPU
		{F6678154-E6D7-4523-A0EE-9319EB6F9B85}.Release|Any CPU.ActiveCfg = Release|Any CPU
		{F6678154-E6D7-4523-A0EE-9319EB6F9B85}.Release|Any CPU.Build.0 = Release|Any CPU
		{F6678154-E6D7-4523-A0EE-9319EB6F9B85}.Release|x86.ActiveCfg = Release|Any CPU
		{F6678154-E6D7-4523-A0EE-9319EB6F9B85}.Release|x86.Build.0 = Release|Any CPU
		{E4CDACB5-D4B2-463E-A2EC-34809869F0D4}.Debug|Any CPU.ActiveCfg = Debug|Any CPU
		{E4CDACB5-D4B2-463E-A2EC-34809869F0D4}.Debug|Any CPU.Build.0 = Debug|Any CPU
		{E4CDACB5-D4B2-463E-A2EC-34809869F0D4}.Debug|x86.ActiveCfg = Debug|Any CPU
		{E4CDACB5-D4B2-463E-A2EC-34809869F0D4}.Debug|x86.Build.0 = Debug|Any CPU
		{E4CDACB5-D4B2-463E-A2EC-34809869F0D4}.Release|Any CPU.ActiveCfg = Release|Any CPU
		{E4CDACB5-D4B2-463E-A2EC-34809869F0D4}.Release|Any CPU.Build.0 = Release|Any CPU
		{E4CDACB5-D4B2-463E-A2EC-34809869F0D4}.Release|x86.ActiveCfg = Release|Any CPU
		{E4CDACB5-D4B2-463E-A2EC-34809869F0D4}.Release|x86.Build.0 = Release|Any CPU
		{6FDC909F-40FF-4A99-AC83-6D7B5D1FCA62}.Debug|Any CPU.ActiveCfg = Debug|Any CPU
		{6FDC909F-40FF-4A99-AC83-6D7B5D1FCA62}.Debug|Any CPU.Build.0 = Debug|Any CPU
		{6FDC909F-40FF-4A99-AC83-6D7B5D1FCA62}.Debug|x86.ActiveCfg = Debug|Any CPU
		{6FDC909F-40FF-4A99-AC83-6D7B5D1FCA62}.Debug|x86.Build.0 = Debug|Any CPU
		{6FDC909F-40FF-4A99-AC83-6D7B5D1FCA62}.Release|Any CPU.ActiveCfg = Release|Any CPU
		{6FDC909F-40FF-4A99-AC83-6D7B5D1FCA62}.Release|Any CPU.Build.0 = Release|Any CPU
		{6FDC909F-40FF-4A99-AC83-6D7B5D1FCA62}.Release|x86.ActiveCfg = Release|Any CPU
		{6FDC909F-40FF-4A99-AC83-6D7B5D1FCA62}.Release|x86.Build.0 = Release|Any CPU
		{A4338768-9EE2-4D66-95AC-66CCD8682BC2}.Debug|Any CPU.ActiveCfg = Debug|x86
		{A4338768-9EE2-4D66-95AC-66CCD8682BC2}.Debug|x86.ActiveCfg = Debug|x86
		{A4338768-9EE2-4D66-95AC-66CCD8682BC2}.Debug|x86.Build.0 = Debug|x86
		{A4338768-9EE2-4D66-95AC-66CCD8682BC2}.Release|Any CPU.ActiveCfg = Release|x86
		{A4338768-9EE2-4D66-95AC-66CCD8682BC2}.Release|x86.ActiveCfg = Release|x86
		{A4338768-9EE2-4D66-95AC-66CCD8682BC2}.Release|x86.Build.0 = Release|x86
		{EFD19229-4B43-4F05-9468-C5171BFE7773}.Debug|Any CPU.ActiveCfg = Debug|x86
		{EFD19229-4B43-4F05-9468-C5171BFE7773}.Debug|x86.ActiveCfg = Debug|x86
		{EFD19229-4B43-4F05-9468-C5171BFE7773}.Debug|x86.Build.0 = Debug|x86
		{EFD19229-4B43-4F05-9468-C5171BFE7773}.Release|Any CPU.ActiveCfg = Release|x86
		{EFD19229-4B43-4F05-9468-C5171BFE7773}.Release|x86.ActiveCfg = Release|x86
		{EFD19229-4B43-4F05-9468-C5171BFE7773}.Release|x86.Build.0 = Release|x86
		{AE0E082E-909A-4DE3-A699-714502565E11}.Debug|Any CPU.ActiveCfg = Debug|x86
		{AE0E082E-909A-4DE3-A699-714502565E11}.Debug|x86.ActiveCfg = Debug|x86
		{AE0E082E-909A-4DE3-A699-714502565E11}.Debug|x86.Build.0 = Debug|x86
		{AE0E082E-909A-4DE3-A699-714502565E11}.Release|Any CPU.ActiveCfg = Release|x86
		{AE0E082E-909A-4DE3-A699-714502565E11}.Release|x86.ActiveCfg = Release|x86
		{AE0E082E-909A-4DE3-A699-714502565E11}.Release|x86.Build.0 = Release|x86
		{B9CB5FD5-0015-437D-BF23-557D2BA7BA1A}.Debug|Any CPU.ActiveCfg = Debug|x86
		{B9CB5FD5-0015-437D-BF23-557D2BA7BA1A}.Debug|x86.ActiveCfg = Debug|x86
		{B9CB5FD5-0015-437D-BF23-557D2BA7BA1A}.Debug|x86.Build.0 = Debug|x86
		{B9CB5FD5-0015-437D-BF23-557D2BA7BA1A}.Release|Any CPU.ActiveCfg = Release|x86
		{B9CB5FD5-0015-437D-BF23-557D2BA7BA1A}.Release|x86.ActiveCfg = Release|x86
		{B9CB5FD5-0015-437D-BF23-557D2BA7BA1A}.Release|x86.Build.0 = Release|x86
		{32DC394C-01B4-4D7A-92BF-E98CEE9D92CF}.Debug|Any CPU.ActiveCfg = Debug|Any CPU
		{32DC394C-01B4-4D7A-92BF-E98CEE9D92CF}.Debug|Any CPU.Build.0 = Debug|Any CPU
		{32DC394C-01B4-4D7A-92BF-E98CEE9D92CF}.Debug|x86.ActiveCfg = Debug|Any CPU
		{32DC394C-01B4-4D7A-92BF-E98CEE9D92CF}.Debug|x86.Build.0 = Debug|Any CPU
		{32DC394C-01B4-4D7A-92BF-E98CEE9D92CF}.Release|Any CPU.ActiveCfg = Release|Any CPU
		{32DC394C-01B4-4D7A-92BF-E98CEE9D92CF}.Release|Any CPU.Build.0 = Release|Any CPU
		{32DC394C-01B4-4D7A-92BF-E98CEE9D92CF}.Release|x86.ActiveCfg = Release|Any CPU
		{32DC394C-01B4-4D7A-92BF-E98CEE9D92CF}.Release|x86.Build.0 = Release|Any CPU
		{5DEA2E48-81FF-4278-8A29-5D88D18C7812}.Debug|Any CPU.ActiveCfg = Debug|Any CPU
		{5DEA2E48-81FF-4278-8A29-5D88D18C7812}.Debug|Any CPU.Build.0 = Debug|Any CPU
		{5DEA2E48-81FF-4278-8A29-5D88D18C7812}.Debug|x86.ActiveCfg = Debug|Any CPU
		{5DEA2E48-81FF-4278-8A29-5D88D18C7812}.Debug|x86.Build.0 = Debug|Any CPU
		{5DEA2E48-81FF-4278-8A29-5D88D18C7812}.Release|Any CPU.ActiveCfg = Release|Any CPU
		{5DEA2E48-81FF-4278-8A29-5D88D18C7812}.Release|Any CPU.Build.0 = Release|Any CPU
		{5DEA2E48-81FF-4278-8A29-5D88D18C7812}.Release|x86.ActiveCfg = Release|Any CPU
		{5DEA2E48-81FF-4278-8A29-5D88D18C7812}.Release|x86.Build.0 = Release|Any CPU
	EndGlobalSection
	GlobalSection(SolutionProperties) = preSolution
		HideSolutionNode = FALSE
	EndGlobalSection
	GlobalSection(NestedProjects) = preSolution
		{EA2926DE-0912-4E41-B5B7-0EAFF1A0B088} = {F4179625-3B20-43E8-B583-E302C7F4801C}
		{CAAEEA32-D042-4D8B-B10A-E51ECD7BD83E} = {F4179625-3B20-43E8-B583-E302C7F4801C}
		{E0104B4E-EB08-455E-970E-28928A0D6D28} = {F4179625-3B20-43E8-B583-E302C7F4801C}
		{1B25E5AE-1542-466F-A1F8-DCAD1E9AFBB4} = {F4179625-3B20-43E8-B583-E302C7F4801C}
		{2368B914-7945-43E8-86A1-645D85AC9E31} = {F4179625-3B20-43E8-B583-E302C7F4801C}
		{BDFF970B-EEB0-48DD-B3A3-DCC36D96FA5C} = {F4179625-3B20-43E8-B583-E302C7F4801C}
		{6F38862D-9309-43C0-83FC-2452DC19697B} = {7083D02E-19B1-4D82-854D-8D26BB85E37C}
		{5897E72D-B9F3-4676-8B9D-FB7D0598045C} = {7083D02E-19B1-4D82-854D-8D26BB85E37C}
		{F28E5B28-2318-48FF-A267-9284ACB429BB} = {7083D02E-19B1-4D82-854D-8D26BB85E37C}
		{C13634D7-8278-4FF0-817B-597C5CBDC69A} = {7083D02E-19B1-4D82-854D-8D26BB85E37C}
		{BF02FB8E-D3D6-49F0-B6D2-355625016F33} = {7083D02E-19B1-4D82-854D-8D26BB85E37C}
		{C30F2A33-67B2-4DFD-8086-7067228C2035} = {7083D02E-19B1-4D82-854D-8D26BB85E37C}
		{07D221E2-6D4A-4FBF-8CA3-92203E04267F} = {235FC22A-3766-4E97-9EA8-3BD2717477B7}
		{AA84C525-6500-4104-A8AD-78014C71CA18} = {235FC22A-3766-4E97-9EA8-3BD2717477B7}
		{FD3EF022-D9FA-4172-9617-2DD8B5D6A89A} = {235FC22A-3766-4E97-9EA8-3BD2717477B7}
		{256287E8-8351-4281-9462-1D04E4458A41} = {235FC22A-3766-4E97-9EA8-3BD2717477B7}
		{48B8A9C6-DF56-4E0C-BCD1-E047456A0859} = {0BF5981B-85A1-4302-8AE1-B9187E1450C7}
		{80B50974-884B-459F-83B2-C21B20F40464} = {0BF5981B-85A1-4302-8AE1-B9187E1450C7}
		{9A601F98-63E1-4C69-86A7-D26DD9F7F414} = {0BF5981B-85A1-4302-8AE1-B9187E1450C7}
		{FD1FA5E8-BDF7-42DE-8A6E-9A6441A09CE2} = {0BF5981B-85A1-4302-8AE1-B9187E1450C7}
		{D365F329-DAD1-4F1A-9B10-C6ADA02AA4D8} = {0BF5981B-85A1-4302-8AE1-B9187E1450C7}
		{9A5F3AC2-256D-42F9-9DCE-F7E33A01E0A3} = {0BF5981B-85A1-4302-8AE1-B9187E1450C7}
		{E0E1D645-B3A5-47EA-9BA3-E01578BB3913} = {0BF5981B-85A1-4302-8AE1-B9187E1450C7}
		{F055ADBC-37E8-4D57-91F7-B301B369CACF} = {0BF5981B-85A1-4302-8AE1-B9187E1450C7}
		{9DF76500-F3B7-4483-B141-C4A417DD7B72} = {0BF5981B-85A1-4302-8AE1-B9187E1450C7}
		{6E6FFE80-D926-4858-8FD3-306014391E0F} = {0BF5981B-85A1-4302-8AE1-B9187E1450C7}
		{1FBEAA17-55A4-479D-9208-4F063C223B62} = {0BF5981B-85A1-4302-8AE1-B9187E1450C7}
		{7DF131F3-72FA-4736-8786-CF690223F772} = {0BF5981B-85A1-4302-8AE1-B9187E1450C7}
		{311F2E81-0BC8-4D38-8592-C2530071CD12} = {0BF5981B-85A1-4302-8AE1-B9187E1450C7}
		{98FC15ED-8A1F-4A72-8B97-7EAD5D870C92} = {0BF5981B-85A1-4302-8AE1-B9187E1450C7}
		{EFA8A8FD-8557-4E16-B155-C7FEF0D93FD5} = {0BF5981B-85A1-4302-8AE1-B9187E1450C7}
		{4B6F0B27-2762-4AC0-8CEB-3CABBF5022AF} = {0BF5981B-85A1-4302-8AE1-B9187E1450C7}
		{8F566448-00D2-4524-8798-D264659B976F} = {0BF5981B-85A1-4302-8AE1-B9187E1450C7}
		{0F274910-97DA-4CB4-A4B5-7453D90945C2} = {0BF5981B-85A1-4302-8AE1-B9187E1450C7}
		{312A7CB9-2382-4A7A-ADE6-B14AF3D4193C} = {D1497853-150B-4683-BE41-855CF164F7C1}
		{C32AAD42-1B3F-4646-B56F-8EDE7BA2E375} = {D1497853-150B-4683-BE41-855CF164F7C1}
		{067CF17F-B41B-43E2-9C03-4A602F1C3360} = {D1497853-150B-4683-BE41-855CF164F7C1}
		{F1D83D9E-4A8F-4C48-8B98-A49ABCF5160A} = {EC3F8A84-A188-4E01-8E16-2A569FD51BA1}
		{A8B9C825-32EA-4C58-B619-7488DB25E3A4} = {EC3F8A84-A188-4E01-8E16-2A569FD51BA1}
		{6912F0E3-8394-415D-B356-6B11348DC051} = {EC3F8A84-A188-4E01-8E16-2A569FD51BA1}
		{1E113820-B41D-4B3C-82B3-89BE20D31688} = {EC3F8A84-A188-4E01-8E16-2A569FD51BA1}
		{F6678154-E6D7-4523-A0EE-9319EB6F9B85} = {EC3F8A84-A188-4E01-8E16-2A569FD51BA1}
		{E4CDACB5-D4B2-463E-A2EC-34809869F0D4} = {EC3F8A84-A188-4E01-8E16-2A569FD51BA1}
		{6FDC909F-40FF-4A99-AC83-6D7B5D1FCA62} = {EC3F8A84-A188-4E01-8E16-2A569FD51BA1}
		{EC3F8A84-A188-4E01-8E16-2A569FD51BA1} = {D1497853-150B-4683-BE41-855CF164F7C1}
		{A4338768-9EE2-4D66-95AC-66CCD8682BC2} = {2428F458-C5BD-4439-A2D1-5391298552ED}
		{EFD19229-4B43-4F05-9468-C5171BFE7773} = {2428F458-C5BD-4439-A2D1-5391298552ED}
		{AE0E082E-909A-4DE3-A699-714502565E11} = {2428F458-C5BD-4439-A2D1-5391298552ED}
		{B9CB5FD5-0015-437D-BF23-557D2BA7BA1A} = {2428F458-C5BD-4439-A2D1-5391298552ED}
		{32DC394C-01B4-4D7A-92BF-E98CEE9D92CF} = {D1497853-150B-4683-BE41-855CF164F7C1}
		{5DEA2E48-81FF-4278-8A29-5D88D18C7812} = {D1497853-150B-4683-BE41-855CF164F7C1}
	EndGlobalSection
	GlobalSection(ExtensibilityGlobals) = postSolution
		SolutionGuid = {03738F08-DE4D-4D68-B465-A30A7339DC42}
	EndGlobalSection
EndGlobal
