
Microsoft Visual Studio Solution File, Format Version 11.00
# Visual Studio 2010
Project("{FAE04EC0-301F-11D3-BF4B-00C04F79EFBC}") = "枚举和结构体", "demo\枚举和结构体.csproj", "{F6034A75-384A-43F3-8F9C-112DCD29225D}"
EndProject
Global
	GlobalSection(SolutionConfigurationPlatforms) = preSolution
		Debug|x86 = Debug|x86
		Release|x86 = Release|x86
	EndGlobalSection
	GlobalSection(ProjectConfigurationPlatforms) = postSolution
		{F6034A75-384A-43F3-8F9C-112DCD29225D}.Debug|x86.ActiveCfg = Debug|x86
		{F6034A75-384A-43F3-8F9C-112DCD29225D}.Debug|x86.Build.0 = Debug|x86
		{F6034A75-384A-43F3-8F9C-112DCD29225D}.Release|x86.ActiveCfg = Release|x86
		{F6034A75-384A-43F3-8F9C-112DCD29225D}.Release|x86.Build.0 = Release|x86
	EndGlobalSection
	GlobalSection(SolutionProperties) = preSolution
		HideSolutionNode = FALSE
	EndGlobalSection
EndGlobal
